<?xml version="1.0" encoding="utf-8"?>
<Project ToolsVersion="4.0" xmlns="http://schemas.microsoft.com/developer/msbuild/2003">
  <ItemGroup>
    <Filter Include="Source Files">
      <UniqueIdentifier>{4FC737F1-C7A5-4376-A066-2A32D752A2FF}</UniqueIdentifier>
      <Extensions>cpp;c;cc;cxx;def;odl;idl;hpj;bat;asm;asmx</Extensions>
    </Filter>
    <Filter Include="Header Files">
      <UniqueIdentifier>{93995380-89BD-4b04-88EB-625FBE52EBFB}</UniqueIdentifier>
      <Extensions>h;hh;hpp;hxx;hm;inl;inc;ipp;xsd</Extensions>
    </Filter>
    <Filter Include="Resource Files">
      <UniqueIdentifier>{67DA6AB6-F800-4c08-8B7A-83BB121AAD01}</UniqueIdentifier>
      <Extensions>rc;ico;cur;bmp;dlg;rc2;rct;bin;rgs;gif;jpg;jpeg;jpe;resx;tiff;tif;png;wav;mfcribbon-ms</Extensions>
    </Filter>
  </ItemGroup>
  <ItemGroup>
    <ClCompile Include="Main.cpp">
      <Filter>Source Files</Filter>
    </ClCompile>
    <ClCompile Include="JSONparser\JSONparser.cpp">
      <Filter>Source Files</Filter>
    </ClCompile>
    <ClCompile Include="Player.cpp">
      <Filter>Source Files</Filter>
    </ClCompile>
    <ClCompile Include="Framework\Collision.cpp">
      <Filter>Source Files</Filter>
    </ClCompile>
    <ClCompile Include="Framework\Room.cpp">
      <Filter>Source Files</Filter>
    </ClCompile>
    <ClCompile Include="Framework\Tilemap.cpp">
      <Filter>Source Files</Filter>
    </ClCompile>
    <ClCompile Include="Framework\Animation.cpp">
      <Filter>Source Files</Filter>
    </ClCompile>
    <ClCompile Include="Framework\RoomManager.cpp">
      <Filter>Source Files</Filter>
    </ClCompile>
    <ClCompile Include="Framework\Weapon.cpp">
      <Filter>Source Files</Filter>
    </ClCompile>
    <ClCompile Include="GameObjects\Enemy.cpp">
      <Filter>Source Files</Filter>
    </ClCompile>
    <ClCompile Include="Framework\Projectiles.cpp">
      <Filter>Source Files</Filter>
    </ClCompile>
    <ClCompile Include="GameObjects\Octorock.cpp">
      <Filter>Source Files</Filter>
    </ClCompile>
    <ClCompile Include="Map_room.cpp">
      <Filter>Source Files</Filter>
    </ClCompile>
    <ClCompile Include="Framework\MainScreen.cpp">
      <Filter>Source Files</Filter>
    </ClCompile>
    <ClCompile Include="Framework\GUI\GUImanager.cpp">
      <Filter>Source Files</Filter>
    </ClCompile>
    <ClCompile Include="Framework\GUI\GUIbox.cpp">
      <Filter>Source Files</Filter>
    </ClCompile>
    <ClCompile Include="Framework\GUI\GUIbutton.cpp">
      <Filter>Source Files</Filter>
    </ClCompile>
    <ClCompile Include="Framework\GUI\GUIelement.cpp">
      <Filter>Source Files</Filter>
    </ClCompile>
    <ClCompile Include="Framework\GUI\GUItiledelement.cpp">
      <Filter>Source Files</Filter>
    </ClCompile>
    <ClCompile Include="Framework\SplashScreens.cpp">
      <Filter>Source Files</Filter>
    </ClCompile>
  </ItemGroup>
  <ItemGroup>
    <ClInclude Include="JSONparser\JSONparser.h">
      <Filter>Header Files</Filter>
    </ClInclude>
    <ClInclude Include="Player.h">
      <Filter>Header Files</Filter>
    </ClInclude>
    <ClInclude Include="Framework\GameObject.h">
      <Filter>Header Files</Filter>
    </ClInclude>
    <ClInclude Include="Framework\InputHandler.h">
      <Filter>Header Files</Filter>
    </ClInclude>
    <ClInclude Include="Framework\Collision.h">
      <Filter>Header Files</Filter>
    </ClInclude>
    <ClInclude Include="Framework\Room.h">
      <Filter>Header Files</Filter>
    </ClInclude>
    <ClInclude Include="Framework\Tilemap.h">
      <Filter>Header Files</Filter>
    </ClInclude>
    <ClInclude Include="Framework\Animation.h">
      <Filter>Header Files</Filter>
    </ClInclude>
    <ClInclude Include="Framework\RoomManager.h">
      <Filter>Header Files</Filter>
    </ClInclude>
    <ClInclude Include="Framework\Room.fwd.h">
      <Filter>Header Files</Filter>
    </ClInclude>
    <ClInclude Include="Framework\RoomManager.fwd.h">
      <Filter>Header Files</Filter>
    </ClInclude>
    <ClInclude Include="Framework\Weapon.h">
      <Filter>Header Files</Filter>
    </ClInclude>
    <ClInclude Include="GameObjects\Enemy.h">
      <Filter>Header Files</Filter>
    </ClInclude>
    <ClInclude Include="Framework\Projectiles.h">
      <Filter>Header Files</Filter>
    </ClInclude>
    <ClInclude Include="GameObjects\Octorock.h">
      <Filter>Header Files</Filter>
    </ClInclude>
    <ClInclude Include="Framework\UsefulFunctions.h">
      <Filter>Header Files</Filter>
    </ClInclude>
    <ClInclude Include="Map_room.h">
      <Filter>Header Files</Filter>
    </ClInclude>
    <ClInclude Include="Framework\Tweening.h">
      <Filter>Header Files</Filter>
    </ClInclude>
    <ClInclude Include="Framework\MainScreen.h">
      <Filter>Header Files</Filter>
    </ClInclude>
    <ClInclude Include="Framework\GUI\GUImanager.h">
      <Filter>Header Files</Filter>
    </ClInclude>
    <ClInclude Include="Framework\GUI\GUIelement.h">
      <Filter>Header Files</Filter>
    </ClInclude>
    <ClInclude Include="Framework\GUI\GUIpanel.h">
      <Filter>Header Files</Filter>
    </ClInclude>
    <ClInclude Include="Framework\GUI\GUIbox.h">
      <Filter>Header Files</Filter>
    </ClInclude>
    <ClInclude Include="Framework\GUI\GUIbutton.h">
      <Filter>Header Files</Filter>
    </ClInclude>
    <ClInclude Include="Framework\GUI\GUItiledelement.h">
      <Filter>Header Files</Filter>
    </ClInclude>
    <ClInclude Include="Framework\GUI\GUItext.h">
      <Filter>Header Files</Filter>
    </ClInclude>
    <ClInclude Include="Framework\GUI\GUIsplashscreen.h">
      <Filter>Header Files</Filter>
    </ClInclude>
    <ClInclude Include="Framework\SplashScreens.h">
      <Filter>Header Files</Filter>
    </ClInclude>
    <ClInclude Include="Framework\GUI\GUIcallback.h">
      <Filter>Header Files</Filter>
    </ClInclude>
    <ClInclude Include="Framework\FiniteStateMachine.h">
      <Filter>Header Files</Filter>
    </ClInclude>
  </ItemGroup>
  <ItemGroup>
    <None Include="Assets\forest_tileset.json" />
    <None Include="Shaders\grayscale.frag" />
    <None Include="old_player_data.json" />
    <None Include="player_data.json" />
    <None Include="GameObjects\enemy_data.json" />
    <None Include="Rooms\Level1\Level1.json" />
    <None Include="Rooms\Level1\level1_map.json" />
    <None Include="Rooms\Level2\Level2.json" />
    <None Include="Rooms\Level2\Level2_map.json" />
    <None Include="Rooms\Level3\Level3_map.json" />
    <None Include="Rooms\worldmap.json" />
    <None Include="SplashscreenAnimations\firstlogo.json" />
  </ItemGroup>
  <ItemGroup>
    <Image Include="Assets\forest_tiles.png">
      <Filter>Resource Files</Filter>
    </Image>
    <Image Include="Assets\oak.png">
      <Filter>Resource Files</Filter>
    </Image>
    <Image Include="Assets\link.png">
      <Filter>Resource Files</Filter>
    </Image>
  </ItemGroup>
</Project>